
Microsoft Visual Studio Solution File, Format Version 12.00
# Visual Studio Version 16
VisualStudioVersion = 16.0.30611.23
MinimumVisualStudioVersion = 10.0.40219.1
Project("{FAE04EC0-301F-11D3-BF4B-00C04F79EFBC}") = "LGTChallenge", "LGTChallenge\LGTChallenge.csproj", "{A1498A09-9122-46E0-82D5-9E86A5A56C45}"
EndProject
Global
	GlobalSection(SolutionConfigurationPlatforms) = preSolution
		Debug|Any CPU = Debug|Any CPU
		Release|Any CPU = Release|Any CPU
	EndGlobalSection
	GlobalSection(ProjectConfigurationPlatforms) = postSolution
		{A1498A09-9122-46E0-82D5-9E86A5A56C45}.Debug|Any CPU.ActiveCfg = Debug|Any CPU
		{A1498A09-9122-46E0-82D5-9E86A5A56C45}.Debug|Any CPU.Build.0 = Debug|Any CPU
		{A1498A09-9122-46E0-82D5-9E86A5A56C45}.Release|Any CPU.ActiveCfg = Release|Any CPU
		{A1498A09-9122-46E0-82D5-9E86A5A56C45}.Release|Any CPU.Build.0 = Release|Any CPU
	EndGlobalSection
	GlobalSection(SolutionProperties) = preSolution
		HideSolutionNode = FALSE
	EndGlobalSection
	GlobalSection(ExtensibilityGlobals) = postSolution
		SolutionGuid = {D118D449-4F91-43EA-AFC9-3C8AE0C617CB}
	EndGlobalSection
EndGlobal
